{
  "nodes": {
    "home-manager": {
      "inputs": {
        "nixpkgs": [
          "nixpkgs"
        ]
      },
      "locked": {
        "lastModified": 1752265577,
        "narHash": "sha256-YhnBM3oknReSFTAuc2SMwekwjl9nDd5PUhcar4DsefM=",
        "owner": "nix-community",
        "repo": "home-manager",
        "rev": "3976e0507edc9a5f332cb2be93fa20e646d22374",
        "type": "github"
      },
      "original": {
        "owner": "nix-community",
        "repo": "home-manager",
        "type": "github"
      }
    },
    "nixpkgs": {
      "locked": {
        "lastModified": 1752265913,
        "narHash": "sha256-VCijcwJ+eipMsMAtgMDC1HHnsCjkI1Ik3KLzSMQpwkw=",
        "owner": "nixos",
        "repo": "nixpkgs",
        "rev": "87f9b0ebacf7331301f40d71c0b3829975aaf084",
        "type": "github"
      },
      "original": {
        "owner": "nixos",
        "repo": "nixpkgs",
        "type": "github"
      }
    },
    "root": {
      "inputs": {
        "home-manager": "home-manager",
        "nixpkgs": "nixpkgs",
        "unstable-pkgs": "unstable-pkgs"
      }
    },
    "unstable-pkgs": {
      "locked": {
        "lastModified": 1751949589,
        "narHash": "sha256-mgFxAPLWw0Kq+C8P3dRrZrOYEQXOtKuYVlo9xvPntt8=",
        "owner": "nixos",
        "repo": "nixpkgs",
        "rev": "9b008d60392981ad674e04016d25619281550a9d",
        "type": "github"
      },
      "original": {
        "owner": "nixos",
        "ref": "nixpkgs-unstable",
        "repo": "nixpkgs",
        "type": "github"
      }
    }
  },
  "root": "root",
  "version": 7
}
